{
  "object": {
    "pins": [
      {
        "package": "CoreInsights",
        "repositoryURL": "https://github.com/StillARockstar/CoreInsights",
        "state": {
          "branch": "main",
          "revision": "5d4fc0d5a634ea1f100fc27503a9c759b4919d23",
          "version": null
        }
      }
    ]
  },
  "version": 1
}
