{
  "object": {
    "pins": [
      {
        "package": "CoreInsights",
        "repositoryURL": "https://github.com/StillARockstar/CoreInsights",
        "state": {
          "branch": "main",
          "revision": "d4a5efa7f136acbc2d2427beb2ca1deb7fbfeb4c",
          "version": null
        }
      }
    ]
  },
  "version": 1
}
