{
  "object": {
    "pins": [
      {
        "package": "CoreInsights",
        "repositoryURL": "https://github.com/StillARockstar/CoreInsights",
        "state": {
          "branch": null,
          "revision": "dac36ecd7ff5ab26e5df43736d2f5dbe54c609c2",
          "version": "1.1.0"
        }
      }
    ]
  },
  "version": 1
}
