// !$*UTF8*$!
{
	archiveVersion = 1;
	classes = {
	};
	objectVersion = 50;
	objects = {

/* Begin PBXBuildFile section */
		4C05CDDE2503896E00C40885 /* ComplicationProvider.swift in Sources */ = {isa = PBXBuildFile; fileRef = 4C05CDDD2503896E00C40885 /* ComplicationProvider.swift */; };
		4C253A9424FBEDF80083B66B /* HomeViewProvider.swift in Sources */ = {isa = PBXBuildFile; fileRef = 4C253A9324FBEDF80083B66B /* HomeViewProvider.swift */; };
		4C253A9724FBEFAE0083B66B /* DataProvider.swift in Sources */ = {isa = PBXBuildFile; fileRef = 4C253A9624FBEFAE0083B66B /* DataProvider.swift */; };
		4C2E95FD250030B1004A1FB0 /* LifeCycleHandler.swift in Sources */ = {isa = PBXBuildFile; fileRef = 4C2E95FC250030B1004A1FB0 /* LifeCycleHandler.swift */; };
		4C2E960025016F21004A1FB0 /* SetGoalView.swift in Sources */ = {isa = PBXBuildFile; fileRef = 4C2E95FF25016F21004A1FB0 /* SetGoalView.swift */; };
		4C2E960425017144004A1FB0 /* SetGoalViewProvider.swift in Sources */ = {isa = PBXBuildFile; fileRef = 4C2E960325017144004A1FB0 /* SetGoalViewProvider.swift */; };
		4C439FA825CC731100B47C18 /* InAppPurchase.swift in Sources */ = {isa = PBXBuildFile; fileRef = 4C439FA725CC731100B47C18 /* InAppPurchase.swift */; };
		4C6638C1258017720028B398 /* AboutAppView.swift in Sources */ = {isa = PBXBuildFile; fileRef = 4C6638C0258017720028B398 /* AboutAppView.swift */; };
		4C6638C925801DF80028B398 /* AboutAppViewProvider.swift in Sources */ = {isa = PBXBuildFile; fileRef = 4C6638C825801DF80028B398 /* AboutAppViewProvider.swift */; };
		4C6638D4258023B50028B398 /* Bundle+Convenients.swift in Sources */ = {isa = PBXBuildFile; fileRef = 4C6638D3258023B50028B398 /* Bundle+Convenients.swift */; };
		4C7FA7D525F6A33A00ACECF7 /* InfoView.swift in Sources */ = {isa = PBXBuildFile; fileRef = 4C7FA7D425F6A33A00ACECF7 /* InfoView.swift */; };
		4C88EC5D25F804330056E2F7 /* TextStyles.swift in Sources */ = {isa = PBXBuildFile; fileRef = 4C88EC5C25F804330056E2F7 /* TextStyles.swift */; };
		4C90122425A385D500B2E759 /* OnboardingView.swift in Sources */ = {isa = PBXBuildFile; fileRef = 4C90122325A385D500B2E759 /* OnboardingView.swift */; };
		4C90122C25A3890A00B2E759 /* OnboardingViewProvider.swift in Sources */ = {isa = PBXBuildFile; fileRef = 4C90122B25A3890A00B2E759 /* OnboardingViewProvider.swift */; };
		4C95D66D250178BE00CB4D35 /* NumberFormatting.swift in Sources */ = {isa = PBXBuildFile; fileRef = 4C95D66C250178BE00CB4D35 /* NumberFormatting.swift */; };
		4C95D66F25017F6500CB4D35 /* DataStore.swift in Sources */ = {isa = PBXBuildFile; fileRef = 4C95D66E25017F6500CB4D35 /* DataStore.swift */; };
		4C95D6722501856600CB4D35 /* SetColorView.swift in Sources */ = {isa = PBXBuildFile; fileRef = 4C95D6712501856600CB4D35 /* SetColorView.swift */; };
		4C95D6772502804100CB4D35 /* SetColorViewProvider.swift in Sources */ = {isa = PBXBuildFile; fileRef = 4C95D6762502804100CB4D35 /* SetColorViewProvider.swift */; };
		4C9FE87424FBC503008062AF /* WristSteps WatchKit App.app in Embed Watch Content */ = {isa = PBXBuildFile; fileRef = 4C9FE87324FBC503008062AF /* WristSteps WatchKit App.app */; settings = {ATTRIBUTES = (RemoveHeadersOnCopy, ); }; };
		4C9FE87924FBC503008062AF /* Assets.xcassets in Resources */ = {isa = PBXBuildFile; fileRef = 4C9FE87824FBC503008062AF /* Assets.xcassets */; };
		4C9FE88024FBC504008062AF /* WristSteps WatchKit Extension.appex in Embed App Extensions */ = {isa = PBXBuildFile; fileRef = 4C9FE87F24FBC504008062AF /* WristSteps WatchKit Extension.appex */; settings = {ATTRIBUTES = (RemoveHeadersOnCopy, ); }; };
		4C9FE88724FBC504008062AF /* WristStepsApp.swift in Sources */ = {isa = PBXBuildFile; fileRef = 4C9FE88624FBC504008062AF /* WristStepsApp.swift */; };
		4C9FE88924FBC504008062AF /* ComplicationController.swift in Sources */ = {isa = PBXBuildFile; fileRef = 4C9FE88824FBC504008062AF /* ComplicationController.swift */; };
		4C9FE88B24FBC504008062AF /* Assets.xcassets in Resources */ = {isa = PBXBuildFile; fileRef = 4C9FE88A24FBC504008062AF /* Assets.xcassets */; };
		4C9FE88E24FBC504008062AF /* Preview Assets.xcassets in Resources */ = {isa = PBXBuildFile; fileRef = 4C9FE88D24FBC504008062AF /* Preview Assets.xcassets */; };
		4C9FE89E24FBC67C008062AF /* Color+Convenients.swift in Sources */ = {isa = PBXBuildFile; fileRef = 4C9FE89D24FBC67C008062AF /* Color+Convenients.swift */; };
		4C9FE8A024FBC6C8008062AF /* Colors.xcassets in Resources */ = {isa = PBXBuildFile; fileRef = 4C9FE89F24FBC6C8008062AF /* Colors.xcassets */; };
		4C9FE8A324FBE673008062AF /* HomeView.swift in Sources */ = {isa = PBXBuildFile; fileRef = 4C9FE8A224FBE673008062AF /* HomeView.swift */; };
		4C9FE8A624FBE6E4008062AF /* DetailView.swift in Sources */ = {isa = PBXBuildFile; fileRef = 4C9FE8A524FBE6E4008062AF /* DetailView.swift */; };
		4CA5D622260295FC00394872 /* ContentView.swift in Sources */ = {isa = PBXBuildFile; fileRef = 4CA5D621260295FC00394872 /* ContentView.swift */; };
		4CA5D62A2602965700394872 /* ContentViewProvider.swift in Sources */ = {isa = PBXBuildFile; fileRef = 4CA5D6292602965700394872 /* ContentViewProvider.swift */; };
		4CA5D633260298F600394872 /* SettingsView.swift in Sources */ = {isa = PBXBuildFile; fileRef = 4CA5D632260298F600394872 /* SettingsView.swift */; };
		4CA5D63E260299D700394872 /* SettingsViewProvider.swift in Sources */ = {isa = PBXBuildFile; fileRef = 4CA5D63D260299D700394872 /* SettingsViewProvider.swift */; };
		4CC3713F250016F700509583 /* View+Convenients.swift in Sources */ = {isa = PBXBuildFile; fileRef = 4CC3713E250016F700509583 /* View+Convenients.swift */; };
		4CDFAD5525CC782F003EA090 /* Configuration.storekit in Resources */ = {isa = PBXBuildFile; fileRef = 4CDFAD5425CC7829003EA090 /* Configuration.storekit */; };
		4CDFAD5925CC782F003EA090 /* Configuration.storekit in Resources */ = {isa = PBXBuildFile; fileRef = 4CDFAD5425CC7829003EA090 /* Configuration.storekit */; };
		4CDFAD5A25CC7830003EA090 /* Configuration.storekit in Resources */ = {isa = PBXBuildFile; fileRef = 4CDFAD5425CC7829003EA090 /* Configuration.storekit */; };
		4CDFAD5F25CC9D09003EA090 /* ColorDefinitions.swift in Sources */ = {isa = PBXBuildFile; fileRef = 4CDFAD5E25CC9D09003EA090 /* ColorDefinitions.swift */; };
		4CE70560261CE85600A8A642 /* BarChartView.swift in Sources */ = {isa = PBXBuildFile; fileRef = 4CE7055F261CE85600A8A642 /* BarChartView.swift */; };
/* End PBXBuildFile section */

/* Begin PBXContainerItemProxy section */
		4C9FE87524FBC503008062AF /* PBXContainerItemProxy */ = {
			isa = PBXContainerItemProxy;
			containerPortal = 4C9FE86924FBC503008062AF /* Project object */;
			proxyType = 1;
			remoteGlobalIDString = 4C9FE87224FBC503008062AF;
			remoteInfo = "WristSteps WatchKit App";
		};
		4C9FE88124FBC504008062AF /* PBXContainerItemProxy */ = {
			isa = PBXContainerItemProxy;
			containerPortal = 4C9FE86924FBC503008062AF /* Project object */;
			proxyType = 1;
			remoteGlobalIDString = 4C9FE87E24FBC504008062AF;
			remoteInfo = "WristSteps WatchKit Extension";
		};
/* End PBXContainerItemProxy section */

/* Begin PBXCopyFilesBuildPhase section */
		4C9FE89524FBC504008062AF /* Embed App Extensions */ = {
			isa = PBXCopyFilesBuildPhase;
			buildActionMask = 2147483647;
			dstPath = "";
			dstSubfolderSpec = 13;
			files = (
				4C9FE88024FBC504008062AF /* WristSteps WatchKit Extension.appex in Embed App Extensions */,
			);
			name = "Embed App Extensions";
			runOnlyForDeploymentPostprocessing = 0;
		};
		4C9FE89924FBC504008062AF /* Embed Watch Content */ = {
			isa = PBXCopyFilesBuildPhase;
			buildActionMask = 2147483647;
			dstPath = "$(CONTENTS_FOLDER_PATH)/Watch";
			dstSubfolderSpec = 16;
			files = (
				4C9FE87424FBC503008062AF /* WristSteps WatchKit App.app in Embed Watch Content */,
			);
			name = "Embed Watch Content";
			runOnlyForDeploymentPostprocessing = 0;
		};
/* End PBXCopyFilesBuildPhase section */

/* Begin PBXFileReference section */
		4C05CDDD2503896E00C40885 /* ComplicationProvider.swift */ = {isa = PBXFileReference; lastKnownFileType = sourcecode.swift; path = ComplicationProvider.swift; sourceTree = "<group>"; };
		4C253A9324FBEDF80083B66B /* HomeViewProvider.swift */ = {isa = PBXFileReference; lastKnownFileType = sourcecode.swift; path = HomeViewProvider.swift; sourceTree = "<group>"; };
		4C253A9624FBEFAE0083B66B /* DataProvider.swift */ = {isa = PBXFileReference; lastKnownFileType = sourcecode.swift; path = DataProvider.swift; sourceTree = "<group>"; };
		4C2E95FC250030B1004A1FB0 /* LifeCycleHandler.swift */ = {isa = PBXFileReference; lastKnownFileType = sourcecode.swift; path = LifeCycleHandler.swift; sourceTree = "<group>"; };
		4C2E95FF25016F21004A1FB0 /* SetGoalView.swift */ = {isa = PBXFileReference; lastKnownFileType = sourcecode.swift; path = SetGoalView.swift; sourceTree = "<group>"; };
		4C2E960325017144004A1FB0 /* SetGoalViewProvider.swift */ = {isa = PBXFileReference; lastKnownFileType = sourcecode.swift; path = SetGoalViewProvider.swift; sourceTree = "<group>"; };
		4C439FA725CC731100B47C18 /* InAppPurchase.swift */ = {isa = PBXFileReference; lastKnownFileType = sourcecode.swift; path = InAppPurchase.swift; sourceTree = "<group>"; };
		4C6638C0258017720028B398 /* AboutAppView.swift */ = {isa = PBXFileReference; lastKnownFileType = sourcecode.swift; path = AboutAppView.swift; sourceTree = "<group>"; };
		4C6638C825801DF80028B398 /* AboutAppViewProvider.swift */ = {isa = PBXFileReference; lastKnownFileType = sourcecode.swift; path = AboutAppViewProvider.swift; sourceTree = "<group>"; };
		4C6638D3258023B50028B398 /* Bundle+Convenients.swift */ = {isa = PBXFileReference; lastKnownFileType = sourcecode.swift; path = "Bundle+Convenients.swift"; sourceTree = "<group>"; };
		4C7FA7D425F6A33A00ACECF7 /* InfoView.swift */ = {isa = PBXFileReference; lastKnownFileType = sourcecode.swift; path = InfoView.swift; sourceTree = "<group>"; };
		4C88EC5C25F804330056E2F7 /* TextStyles.swift */ = {isa = PBXFileReference; lastKnownFileType = sourcecode.swift; path = TextStyles.swift; sourceTree = "<group>"; };
		4C90122325A385D500B2E759 /* OnboardingView.swift */ = {isa = PBXFileReference; lastKnownFileType = sourcecode.swift; path = OnboardingView.swift; sourceTree = "<group>"; };
		4C90122B25A3890A00B2E759 /* OnboardingViewProvider.swift */ = {isa = PBXFileReference; lastKnownFileType = sourcecode.swift; path = OnboardingViewProvider.swift; sourceTree = "<group>"; };
		4C95D66C250178BE00CB4D35 /* NumberFormatting.swift */ = {isa = PBXFileReference; lastKnownFileType = sourcecode.swift; path = NumberFormatting.swift; sourceTree = "<group>"; };
		4C95D66E25017F6500CB4D35 /* DataStore.swift */ = {isa = PBXFileReference; lastKnownFileType = sourcecode.swift; path = DataStore.swift; sourceTree = "<group>"; };
		4C95D6712501856600CB4D35 /* SetColorView.swift */ = {isa = PBXFileReference; lastKnownFileType = sourcecode.swift; path = SetColorView.swift; sourceTree = "<group>"; };
		4C95D6762502804100CB4D35 /* SetColorViewProvider.swift */ = {isa = PBXFileReference; lastKnownFileType = sourcecode.swift; path = SetColorViewProvider.swift; sourceTree = "<group>"; };
		4C9FE86F24FBC503008062AF /* WristSteps.app */ = {isa = PBXFileReference; explicitFileType = wrapper.application; includeInIndex = 0; path = WristSteps.app; sourceTree = BUILT_PRODUCTS_DIR; };
		4C9FE87324FBC503008062AF /* WristSteps WatchKit App.app */ = {isa = PBXFileReference; explicitFileType = wrapper.application; includeInIndex = 0; path = "WristSteps WatchKit App.app"; sourceTree = BUILT_PRODUCTS_DIR; };
		4C9FE87824FBC503008062AF /* Assets.xcassets */ = {isa = PBXFileReference; lastKnownFileType = folder.assetcatalog; path = Assets.xcassets; sourceTree = "<group>"; };
		4C9FE87A24FBC503008062AF /* Info.plist */ = {isa = PBXFileReference; lastKnownFileType = text.plist.xml; path = Info.plist; sourceTree = "<group>"; };
		4C9FE87F24FBC504008062AF /* WristSteps WatchKit Extension.appex */ = {isa = PBXFileReference; explicitFileType = "wrapper.app-extension"; includeInIndex = 0; path = "WristSteps WatchKit Extension.appex"; sourceTree = BUILT_PRODUCTS_DIR; };
		4C9FE88624FBC504008062AF /* WristStepsApp.swift */ = {isa = PBXFileReference; lastKnownFileType = sourcecode.swift; path = WristStepsApp.swift; sourceTree = "<group>"; };
		4C9FE88824FBC504008062AF /* ComplicationController.swift */ = {isa = PBXFileReference; lastKnownFileType = sourcecode.swift; path = ComplicationController.swift; sourceTree = "<group>"; };
		4C9FE88A24FBC504008062AF /* Assets.xcassets */ = {isa = PBXFileReference; lastKnownFileType = folder.assetcatalog; path = Assets.xcassets; sourceTree = "<group>"; };
		4C9FE88D24FBC504008062AF /* Preview Assets.xcassets */ = {isa = PBXFileReference; lastKnownFileType = folder.assetcatalog; path = "Preview Assets.xcassets"; sourceTree = "<group>"; };
		4C9FE88F24FBC504008062AF /* Info.plist */ = {isa = PBXFileReference; lastKnownFileType = text.plist.xml; path = Info.plist; sourceTree = "<group>"; };
		4C9FE89D24FBC67C008062AF /* Color+Convenients.swift */ = {isa = PBXFileReference; lastKnownFileType = sourcecode.swift; path = "Color+Convenients.swift"; sourceTree = "<group>"; };
		4C9FE89F24FBC6C8008062AF /* Colors.xcassets */ = {isa = PBXFileReference; lastKnownFileType = folder.assetcatalog; path = Colors.xcassets; sourceTree = "<group>"; };
		4C9FE8A224FBE673008062AF /* HomeView.swift */ = {isa = PBXFileReference; lastKnownFileType = sourcecode.swift; path = HomeView.swift; sourceTree = "<group>"; };
		4C9FE8A524FBE6E4008062AF /* DetailView.swift */ = {isa = PBXFileReference; lastKnownFileType = sourcecode.swift; path = DetailView.swift; sourceTree = "<group>"; };
		4CA5D621260295FC00394872 /* ContentView.swift */ = {isa = PBXFileReference; lastKnownFileType = sourcecode.swift; path = ContentView.swift; sourceTree = "<group>"; };
		4CA5D6292602965700394872 /* ContentViewProvider.swift */ = {isa = PBXFileReference; lastKnownFileType = sourcecode.swift; path = ContentViewProvider.swift; sourceTree = "<group>"; };
		4CA5D632260298F600394872 /* SettingsView.swift */ = {isa = PBXFileReference; lastKnownFileType = sourcecode.swift; path = SettingsView.swift; sourceTree = "<group>"; };
		4CA5D63D260299D700394872 /* SettingsViewProvider.swift */ = {isa = PBXFileReference; lastKnownFileType = sourcecode.swift; path = SettingsViewProvider.swift; sourceTree = "<group>"; };
		4CC3713E250016F700509583 /* View+Convenients.swift */ = {isa = PBXFileReference; lastKnownFileType = sourcecode.swift; path = "View+Convenients.swift"; sourceTree = "<group>"; };
		4CDFAD5425CC7829003EA090 /* Configuration.storekit */ = {isa = PBXFileReference; lastKnownFileType = text; path = Configuration.storekit; sourceTree = "<group>"; };
		4CDFAD5E25CC9D09003EA090 /* ColorDefinitions.swift */ = {isa = PBXFileReference; lastKnownFileType = sourcecode.swift; path = ColorDefinitions.swift; sourceTree = "<group>"; };
		4CE7055F261CE85600A8A642 /* BarChartView.swift */ = {isa = PBXFileReference; lastKnownFileType = sourcecode.swift; path = BarChartView.swift; sourceTree = "<group>"; };
/* End PBXFileReference section */

/* Begin PBXFrameworksBuildPhase section */
		4C9FE87C24FBC504008062AF /* Frameworks */ = {
			isa = PBXFrameworksBuildPhase;
			buildActionMask = 2147483647;
			files = (
			);
			runOnlyForDeploymentPostprocessing = 0;
		};
/* End PBXFrameworksBuildPhase section */

/* Begin PBXGroup section */
		4C253A9524FBEF9B0083B66B /* DataProvider */ = {
			isa = PBXGroup;
			children = (
				4C95D66E25017F6500CB4D35 /* DataStore.swift */,
				4C253A9624FBEFAE0083B66B /* DataProvider.swift */,
				4C439FA725CC731100B47C18 /* InAppPurchase.swift */,
				4C95D66C250178BE00CB4D35 /* NumberFormatting.swift */,
				4C6638D3258023B50028B398 /* Bundle+Convenients.swift */,
			);
			path = DataProvider;
			sourceTree = "<group>";
		};
		4C2E95FE25016F0B004A1FB0 /* SetGoal */ = {
			isa = PBXGroup;
			children = (
				4C2E960325017144004A1FB0 /* SetGoalViewProvider.swift */,
				4C2E95FF25016F21004A1FB0 /* SetGoalView.swift */,
			);
			path = SetGoal;
			sourceTree = "<group>";
		};
		4C6638BF2580170C0028B398 /* AboutApp */ = {
			isa = PBXGroup;
			children = (
				4C6638C825801DF80028B398 /* AboutAppViewProvider.swift */,
				4C6638C0258017720028B398 /* AboutAppView.swift */,
			);
			path = AboutApp;
			sourceTree = "<group>";
		};
		4C7FA7D325F6A32B00ACECF7 /* DesignSystem */ = {
			isa = PBXGroup;
			children = (
				4CDFAD5E25CC9D09003EA090 /* ColorDefinitions.swift */,
				4C7FA7D425F6A33A00ACECF7 /* InfoView.swift */,
				4C9FE8A524FBE6E4008062AF /* DetailView.swift */,
				4CE7055F261CE85600A8A642 /* BarChartView.swift */,
				4C88EC5C25F804330056E2F7 /* TextStyles.swift */,
				4C9FE89D24FBC67C008062AF /* Color+Convenients.swift */,
				4CC3713E250016F700509583 /* View+Convenients.swift */,
			);
			path = DesignSystem;
			sourceTree = "<group>";
		};
		4C8CE64C26014DF300CF0452 /* Complication */ = {
			isa = PBXGroup;
			children = (
				4C05CDDD2503896E00C40885 /* ComplicationProvider.swift */,
				4C9FE88824FBC504008062AF /* ComplicationController.swift */,
			);
			path = Complication;
			sourceTree = "<group>";
		};
		4C90122225A3859900B2E759 /* Onboarding */ = {
			isa = PBXGroup;
			children = (
				4C90122B25A3890A00B2E759 /* OnboardingViewProvider.swift */,
				4C90122325A385D500B2E759 /* OnboardingView.swift */,
			);
			path = Onboarding;
			sourceTree = "<group>";
		};
		4C95D6702501853F00CB4D35 /* SetColor */ = {
			isa = PBXGroup;
			children = (
				4C95D6762502804100CB4D35 /* SetColorViewProvider.swift */,
				4C95D6712501856600CB4D35 /* SetColorView.swift */,
			);
			path = SetColor;
			sourceTree = "<group>";
		};
		4C9FE86824FBC503008062AF = {
			isa = PBXGroup;
			children = (
				4CDFAD5425CC7829003EA090 /* Configuration.storekit */,
				4C9FE87724FBC503008062AF /* WristSteps WatchKit App */,
				4C9FE88324FBC504008062AF /* WristSteps WatchKit Extension */,
				4C9FE87024FBC503008062AF /* Products */,
			);
			sourceTree = "<group>";
		};
		4C9FE87024FBC503008062AF /* Products */ = {
			isa = PBXGroup;
			children = (
				4C9FE86F24FBC503008062AF /* WristSteps.app */,
				4C9FE87324FBC503008062AF /* WristSteps WatchKit App.app */,
				4C9FE87F24FBC504008062AF /* WristSteps WatchKit Extension.appex */,
			);
			name = Products;
			sourceTree = "<group>";
		};
		4C9FE87724FBC503008062AF /* WristSteps WatchKit App */ = {
			isa = PBXGroup;
			children = (
				4C9FE87824FBC503008062AF /* Assets.xcassets */,
				4C9FE87A24FBC503008062AF /* Info.plist */,
			);
			path = "WristSteps WatchKit App";
			sourceTree = "<group>";
		};
		4C9FE88324FBC504008062AF /* WristSteps WatchKit Extension */ = {
			isa = PBXGroup;
			children = (
				4C9FE88624FBC504008062AF /* WristStepsApp.swift */,
				4C2E95FC250030B1004A1FB0 /* LifeCycleHandler.swift */,
				4C253A9524FBEF9B0083B66B /* DataProvider */,
				4C7FA7D325F6A32B00ACECF7 /* DesignSystem */,
				4CA5D620260295E200394872 /* Content */,
				4C9FE8A124FBE65E008062AF /* Home */,
				4CA5D631260298E700394872 /* Settings */,
				4C2E95FE25016F0B004A1FB0 /* SetGoal */,
				4C95D6702501853F00CB4D35 /* SetColor */,
				4C90122225A3859900B2E759 /* Onboarding */,
				4C6638BF2580170C0028B398 /* AboutApp */,
				4C8CE64C26014DF300CF0452 /* Complication */,
				4C9FE88A24FBC504008062AF /* Assets.xcassets */,
				4C9FE89F24FBC6C8008062AF /* Colors.xcassets */,
				4C9FE88F24FBC504008062AF /* Info.plist */,
				4C9FE88C24FBC504008062AF /* Preview Content */,
			);
			path = "WristSteps WatchKit Extension";
			sourceTree = "<group>";
		};
		4C9FE88C24FBC504008062AF /* Preview Content */ = {
			isa = PBXGroup;
			children = (
				4C9FE88D24FBC504008062AF /* Preview Assets.xcassets */,
			);
			path = "Preview Content";
			sourceTree = "<group>";
		};
		4C9FE8A124FBE65E008062AF /* Home */ = {
			isa = PBXGroup;
			children = (
				4C253A9324FBEDF80083B66B /* HomeViewProvider.swift */,
				4C9FE8A224FBE673008062AF /* HomeView.swift */,
			);
			path = Home;
			sourceTree = "<group>";
		};
		4CA5D620260295E200394872 /* Content */ = {
			isa = PBXGroup;
			children = (
				4CA5D6292602965700394872 /* ContentViewProvider.swift */,
				4CA5D621260295FC00394872 /* ContentView.swift */,
			);
			path = Content;
			sourceTree = "<group>";
		};
		4CA5D631260298E700394872 /* Settings */ = {
			isa = PBXGroup;
			children = (
				4CA5D63D260299D700394872 /* SettingsViewProvider.swift */,
				4CA5D632260298F600394872 /* SettingsView.swift */,
			);
			path = Settings;
			sourceTree = "<group>";
		};
/* End PBXGroup section */

/* Begin PBXNativeTarget section */
		4C9FE86E24FBC503008062AF /* WristSteps */ = {
			isa = PBXNativeTarget;
			buildConfigurationList = 4C9FE89A24FBC504008062AF /* Build configuration list for PBXNativeTarget "WristSteps" */;
			buildPhases = (
				4C9FE86D24FBC503008062AF /* Resources */,
				4C9FE89924FBC504008062AF /* Embed Watch Content */,
			);
			buildRules = (
			);
			dependencies = (
				4C9FE87624FBC503008062AF /* PBXTargetDependency */,
			);
			name = WristSteps;
			productName = WristSteps;
			productReference = 4C9FE86F24FBC503008062AF /* WristSteps.app */;
			productType = "com.apple.product-type.application.watchapp2-container";
		};
		4C9FE87224FBC503008062AF /* WristSteps WatchKit App */ = {
			isa = PBXNativeTarget;
			buildConfigurationList = 4C9FE89624FBC504008062AF /* Build configuration list for PBXNativeTarget "WristSteps WatchKit App" */;
			buildPhases = (
				4C9FE87124FBC503008062AF /* Resources */,
				4C9FE89524FBC504008062AF /* Embed App Extensions */,
			);
			buildRules = (
			);
			dependencies = (
				4C9FE88224FBC504008062AF /* PBXTargetDependency */,
			);
			name = "WristSteps WatchKit App";
			productName = "WristSteps WatchKit App";
			productReference = 4C9FE87324FBC503008062AF /* WristSteps WatchKit App.app */;
			productType = "com.apple.product-type.application.watchapp2";
		};
		4C9FE87E24FBC504008062AF /* WristSteps WatchKit Extension */ = {
			isa = PBXNativeTarget;
			buildConfigurationList = 4C9FE89224FBC504008062AF /* Build configuration list for PBXNativeTarget "WristSteps WatchKit Extension" */;
			buildPhases = (
				4C9FE87B24FBC504008062AF /* Sources */,
				4C9FE87C24FBC504008062AF /* Frameworks */,
				4C9FE87D24FBC504008062AF /* Resources */,
			);
			buildRules = (
			);
			dependencies = (
			);
			name = "WristSteps WatchKit Extension";
			productName = "WristSteps WatchKit Extension";
			productReference = 4C9FE87F24FBC504008062AF /* WristSteps WatchKit Extension.appex */;
			productType = "com.apple.product-type.watchkit2-extension";
		};
/* End PBXNativeTarget section */

/* Begin PBXProject section */
		4C9FE86924FBC503008062AF /* Project object */ = {
			isa = PBXProject;
			attributes = {
				LastSwiftUpdateCheck = 1200;
				LastUpgradeCheck = 1200;
				TargetAttributes = {
					4C9FE86E24FBC503008062AF = {
						CreatedOnToolsVersion = 12.0;
					};
					4C9FE87224FBC503008062AF = {
						CreatedOnToolsVersion = 12.0;
					};
					4C9FE87E24FBC504008062AF = {
						CreatedOnToolsVersion = 12.0;
					};
				};
			};
			buildConfigurationList = 4C9FE86C24FBC503008062AF /* Build configuration list for PBXProject "WristSteps" */;
			compatibilityVersion = "Xcode 9.3";
			developmentRegion = en;
			hasScannedForEncodings = 0;
			knownRegions = (
				en,
				Base,
			);
			mainGroup = 4C9FE86824FBC503008062AF;
			productRefGroup = 4C9FE87024FBC503008062AF /* Products */;
			projectDirPath = "";
			projectRoot = "";
			targets = (
				4C9FE86E24FBC503008062AF /* WristSteps */,
				4C9FE87224FBC503008062AF /* WristSteps WatchKit App */,
				4C9FE87E24FBC504008062AF /* WristSteps WatchKit Extension */,
			);
		};
/* End PBXProject section */

/* Begin PBXResourcesBuildPhase section */
		4C9FE86D24FBC503008062AF /* Resources */ = {
			isa = PBXResourcesBuildPhase;
			buildActionMask = 2147483647;
			files = (
				4CDFAD5525CC782F003EA090 /* Configuration.storekit in Resources */,
			);
			runOnlyForDeploymentPostprocessing = 0;
		};
		4C9FE87124FBC503008062AF /* Resources */ = {
			isa = PBXResourcesBuildPhase;
			buildActionMask = 2147483647;
			files = (
				4C9FE87924FBC503008062AF /* Assets.xcassets in Resources */,
				4CDFAD5925CC782F003EA090 /* Configuration.storekit in Resources */,
			);
			runOnlyForDeploymentPostprocessing = 0;
		};
		4C9FE87D24FBC504008062AF /* Resources */ = {
			isa = PBXResourcesBuildPhase;
			buildActionMask = 2147483647;
			files = (
				4C9FE8A024FBC6C8008062AF /* Colors.xcassets in Resources */,
				4CDFAD5A25CC7830003EA090 /* Configuration.storekit in Resources */,
				4C9FE88E24FBC504008062AF /* Preview Assets.xcassets in Resources */,
				4C9FE88B24FBC504008062AF /* Assets.xcassets in Resources */,
			);
			runOnlyForDeploymentPostprocessing = 0;
		};
/* End PBXResourcesBuildPhase section */

/* Begin PBXSourcesBuildPhase section */
		4C9FE87B24FBC504008062AF /* Sources */ = {
			isa = PBXSourcesBuildPhase;
			buildActionMask = 2147483647;
			files = (
				4C2E960025016F21004A1FB0 /* SetGoalView.swift in Sources */,
				4C439FA825CC731100B47C18 /* InAppPurchase.swift in Sources */,
				4C9FE89E24FBC67C008062AF /* Color+Convenients.swift in Sources */,
				4C9FE8A624FBE6E4008062AF /* DetailView.swift in Sources */,
				4C253A9424FBEDF80083B66B /* HomeViewProvider.swift in Sources */,
				4CA5D62A2602965700394872 /* ContentViewProvider.swift in Sources */,
				4C253A9724FBEFAE0083B66B /* DataProvider.swift in Sources */,
				4C9FE88724FBC504008062AF /* WristStepsApp.swift in Sources */,
				4C90122425A385D500B2E759 /* OnboardingView.swift in Sources */,
				4C95D6772502804100CB4D35 /* SetColorViewProvider.swift in Sources */,
				4C05CDDE2503896E00C40885 /* ComplicationProvider.swift in Sources */,
				4CA5D622260295FC00394872 /* ContentView.swift in Sources */,
				4C95D66D250178BE00CB4D35 /* NumberFormatting.swift in Sources */,
				4C95D66F25017F6500CB4D35 /* DataStore.swift in Sources */,
				4CDFAD5F25CC9D09003EA090 /* ColorDefinitions.swift in Sources */,
				4C95D6722501856600CB4D35 /* SetColorView.swift in Sources */,
				4C2E95FD250030B1004A1FB0 /* LifeCycleHandler.swift in Sources */,
				4CE70560261CE85600A8A642 /* BarChartView.swift in Sources */,
				4C6638C925801DF80028B398 /* AboutAppViewProvider.swift in Sources */,
				4C9FE8A324FBE673008062AF /* HomeView.swift in Sources */,
				4C90122C25A3890A00B2E759 /* OnboardingViewProvider.swift in Sources */,
				4CC3713F250016F700509583 /* View+Convenients.swift in Sources */,
				4CA5D63E260299D700394872 /* SettingsViewProvider.swift in Sources */,
				4CA5D633260298F600394872 /* SettingsView.swift in Sources */,
				4C6638D4258023B50028B398 /* Bundle+Convenients.swift in Sources */,
				4C2E960425017144004A1FB0 /* SetGoalViewProvider.swift in Sources */,
				4C88EC5D25F804330056E2F7 /* TextStyles.swift in Sources */,
				4C6638C1258017720028B398 /* AboutAppView.swift in Sources */,
				4C7FA7D525F6A33A00ACECF7 /* InfoView.swift in Sources */,
				4C9FE88924FBC504008062AF /* ComplicationController.swift in Sources */,
			);
			runOnlyForDeploymentPostprocessing = 0;
		};
/* End PBXSourcesBuildPhase section */

/* Begin PBXTargetDependency section */
		4C9FE87624FBC503008062AF /* PBXTargetDependency */ = {
			isa = PBXTargetDependency;
			target = 4C9FE87224FBC503008062AF /* WristSteps WatchKit App */;
			targetProxy = 4C9FE87524FBC503008062AF /* PBXContainerItemProxy */;
		};
		4C9FE88224FBC504008062AF /* PBXTargetDependency */ = {
			isa = PBXTargetDependency;
			target = 4C9FE87E24FBC504008062AF /* WristSteps WatchKit Extension */;
			targetProxy = 4C9FE88124FBC504008062AF /* PBXContainerItemProxy */;
		};
/* End PBXTargetDependency section */

/* Begin XCBuildConfiguration section */
		4C9FE89024FBC504008062AF /* Debug */ = {
			isa = XCBuildConfiguration;
			buildSettings = {
				ALWAYS_SEARCH_USER_PATHS = NO;
				CLANG_ANALYZER_NONNULL = YES;
				CLANG_ANALYZER_NUMBER_OBJECT_CONVERSION = YES_AGGRESSIVE;
				CLANG_CXX_LANGUAGE_STANDARD = "gnu++14";
				CLANG_CXX_LIBRARY = "libc++";
				CLANG_ENABLE_MODULES = YES;
				CLANG_ENABLE_OBJC_ARC = YES;
				CLANG_ENABLE_OBJC_WEAK = YES;
				CLANG_WARN_BLOCK_CAPTURE_AUTORELEASING = YES;
				CLANG_WARN_BOOL_CONVERSION = YES;
				CLANG_WARN_COMMA = YES;
				CLANG_WARN_CONSTANT_CONVERSION = YES;
				CLANG_WARN_DEPRECATED_OBJC_IMPLEMENTATIONS = YES;
				CLANG_WARN_DIRECT_OBJC_ISA_USAGE = YES_ERROR;
				CLANG_WARN_DOCUMENTATION_COMMENTS = YES;
				CLANG_WARN_EMPTY_BODY = YES;
				CLANG_WARN_ENUM_CONVERSION = YES;
				CLANG_WARN_INFINITE_RECURSION = YES;
				CLANG_WARN_INT_CONVERSION = YES;
				CLANG_WARN_NON_LITERAL_NULL_CONVERSION = YES;
				CLANG_WARN_OBJC_IMPLICIT_RETAIN_SELF = YES;
				CLANG_WARN_OBJC_LITERAL_CONVERSION = YES;
				CLANG_WARN_OBJC_ROOT_CLASS = YES_ERROR;
				CLANG_WARN_QUOTED_INCLUDE_IN_FRAMEWORK_HEADER = YES;
				CLANG_WARN_RANGE_LOOP_ANALYSIS = YES;
				CLANG_WARN_STRICT_PROTOTYPES = YES;
				CLANG_WARN_SUSPICIOUS_MOVE = YES;
				CLANG_WARN_UNGUARDED_AVAILABILITY = YES_AGGRESSIVE;
				CLANG_WARN_UNREACHABLE_CODE = YES;
				CLANG_WARN__DUPLICATE_METHOD_MATCH = YES;
				COPY_PHASE_STRIP = NO;
				DEBUG_INFORMATION_FORMAT = dwarf;
				ENABLE_STRICT_OBJC_MSGSEND = YES;
				ENABLE_TESTABILITY = YES;
				GCC_C_LANGUAGE_STANDARD = gnu11;
				GCC_DYNAMIC_NO_PIC = NO;
				GCC_NO_COMMON_BLOCKS = YES;
				GCC_OPTIMIZATION_LEVEL = 0;
				GCC_PREPROCESSOR_DEFINITIONS = (
					"DEBUG=1",
					"$(inherited)",
				);
				GCC_WARN_64_TO_32_BIT_CONVERSION = YES;
				GCC_WARN_ABOUT_RETURN_TYPE = YES_ERROR;
				GCC_WARN_UNDECLARED_SELECTOR = YES;
				GCC_WARN_UNINITIALIZED_AUTOS = YES_AGGRESSIVE;
				GCC_WARN_UNUSED_FUNCTION = YES;
				GCC_WARN_UNUSED_VARIABLE = YES;
				MTL_ENABLE_DEBUG_INFO = INCLUDE_SOURCE;
				MTL_FAST_MATH = YES;
				ONLY_ACTIVE_ARCH = YES;
				SDKROOT = iphoneos;
				SWIFT_ACTIVE_COMPILATION_CONDITIONS = DEBUG;
				SWIFT_OPTIMIZATION_LEVEL = "-Onone";
			};
			name = Debug;
		};
		4C9FE89124FBC504008062AF /* Release */ = {
			isa = XCBuildConfiguration;
			buildSettings = {
				ALWAYS_SEARCH_USER_PATHS = NO;
				CLANG_ANALYZER_NONNULL = YES;
				CLANG_ANALYZER_NUMBER_OBJECT_CONVERSION = YES_AGGRESSIVE;
				CLANG_CXX_LANGUAGE_STANDARD = "gnu++14";
				CLANG_CXX_LIBRARY = "libc++";
				CLANG_ENABLE_MODULES = YES;
				CLANG_ENABLE_OBJC_ARC = YES;
				CLANG_ENABLE_OBJC_WEAK = YES;
				CLANG_WARN_BLOCK_CAPTURE_AUTORELEASING = YES;
				CLANG_WARN_BOOL_CONVERSION = YES;
				CLANG_WARN_COMMA = YES;
				CLANG_WARN_CONSTANT_CONVERSION = YES;
				CLANG_WARN_DEPRECATED_OBJC_IMPLEMENTATIONS = YES;
				CLANG_WARN_DIRECT_OBJC_ISA_USAGE = YES_ERROR;
				CLANG_WARN_DOCUMENTATION_COMMENTS = YES;
				CLANG_WARN_EMPTY_BODY = YES;
				CLANG_WARN_ENUM_CONVERSION = YES;
				CLANG_WARN_INFINITE_RECURSION = YES;
				CLANG_WARN_INT_CONVERSION = YES;
				CLANG_WARN_NON_LITERAL_NULL_CONVERSION = YES;
				CLANG_WARN_OBJC_IMPLICIT_RETAIN_SELF = YES;
				CLANG_WARN_OBJC_LITERAL_CONVERSION = YES;
				CLANG_WARN_OBJC_ROOT_CLASS = YES_ERROR;
				CLANG_WARN_QUOTED_INCLUDE_IN_FRAMEWORK_HEADER = YES;
				CLANG_WARN_RANGE_LOOP_ANALYSIS = YES;
				CLANG_WARN_STRICT_PROTOTYPES = YES;
				CLANG_WARN_SUSPICIOUS_MOVE = YES;
				CLANG_WARN_UNGUARDED_AVAILABILITY = YES_AGGRESSIVE;
				CLANG_WARN_UNREACHABLE_CODE = YES;
				CLANG_WARN__DUPLICATE_METHOD_MATCH = YES;
				COPY_PHASE_STRIP = NO;
				DEBUG_INFORMATION_FORMAT = "dwarf-with-dsym";
				ENABLE_NS_ASSERTIONS = NO;
				ENABLE_STRICT_OBJC_MSGSEND = YES;
				GCC_C_LANGUAGE_STANDARD = gnu11;
				GCC_NO_COMMON_BLOCKS = YES;
				GCC_WARN_64_TO_32_BIT_CONVERSION = YES;
				GCC_WARN_ABOUT_RETURN_TYPE = YES_ERROR;
				GCC_WARN_UNDECLARED_SELECTOR = YES;
				GCC_WARN_UNINITIALIZED_AUTOS = YES_AGGRESSIVE;
				GCC_WARN_UNUSED_FUNCTION = YES;
				GCC_WARN_UNUSED_VARIABLE = YES;
				MTL_ENABLE_DEBUG_INFO = NO;
				MTL_FAST_MATH = YES;
				SDKROOT = iphoneos;
				SWIFT_COMPILATION_MODE = wholemodule;
				SWIFT_OPTIMIZATION_LEVEL = "-O";
				VALIDATE_PRODUCT = YES;
			};
			name = Release;
		};
		4C9FE89324FBC504008062AF /* Debug */ = {
			isa = XCBuildConfiguration;
			buildSettings = {
				ASSETCATALOG_COMPILER_COMPLICATION_NAME = Complication;
				CODE_SIGN_STYLE = Automatic;
				CURRENT_PROJECT_VERSION = 30;
				DEVELOPMENT_ASSET_PATHS = "\"WristSteps WatchKit Extension/Preview Content\"";
				DEVELOPMENT_TEAM = GQQ4RZBUL3;
				ENABLE_PREVIEWS = YES;
				INFOPLIST_FILE = "WristSteps WatchKit Extension/Info.plist";
				LD_RUNPATH_SEARCH_PATHS = (
					"$(inherited)",
					"@executable_path/Frameworks",
					"@executable_path/../../Frameworks",
				);
				MARKETING_VERSION = 2.2.0;
				"OTHER_SWIFT_FLAGS[sdk=watchos*]" = "-D TARGET_WATCH";
				PRODUCT_BUNDLE_IDENTIFIER = at.Schoder.WristSteps.watchkitapp.watchkitextension;
				PRODUCT_NAME = "${TARGET_NAME}";
				SDKROOT = watchos;
				SKIP_INSTALL = YES;
				SWIFT_VERSION = 5.0;
				TARGETED_DEVICE_FAMILY = 4;
				WATCHOS_DEPLOYMENT_TARGET = 7.0;
			};
			name = Debug;
		};
		4C9FE89424FBC504008062AF /* Release */ = {
			isa = XCBuildConfiguration;
			buildSettings = {
				ASSETCATALOG_COMPILER_COMPLICATION_NAME = Complication;
				CODE_SIGN_STYLE = Automatic;
				CURRENT_PROJECT_VERSION = 30;
				DEVELOPMENT_ASSET_PATHS = "\"WristSteps WatchKit Extension/Preview Content\"";
				DEVELOPMENT_TEAM = GQQ4RZBUL3;
				ENABLE_PREVIEWS = YES;
				INFOPLIST_FILE = "WristSteps WatchKit Extension/Info.plist";
				LD_RUNPATH_SEARCH_PATHS = (
					"$(inherited)",
					"@executable_path/Frameworks",
					"@executable_path/../../Frameworks",
				);
				MARKETING_VERSION = 2.2.0;
				"OTHER_SWIFT_FLAGS[sdk=watchos*]" = "-D TARGET_WATCH";
				PRODUCT_BUNDLE_IDENTIFIER = at.Schoder.WristSteps.watchkitapp.watchkitextension;
				PRODUCT_NAME = "${TARGET_NAME}";
				SDKROOT = watchos;
				SKIP_INSTALL = YES;
				SWIFT_VERSION = 5.0;
				TARGETED_DEVICE_FAMILY = 4;
				WATCHOS_DEPLOYMENT_TARGET = 7.0;
			};
			name = Release;
		};
		4C9FE89724FBC504008062AF /* Debug */ = {
			isa = XCBuildConfiguration;
			buildSettings = {
				ALWAYS_EMBED_SWIFT_STANDARD_LIBRARIES = YES;
				ASSETCATALOG_COMPILER_APPICON_NAME = AppIcon;
				ASSETCATALOG_COMPILER_GLOBAL_ACCENT_COLOR_NAME = AccentColor;
				CODE_SIGN_STYLE = Automatic;
				CURRENT_PROJECT_VERSION = 30;
				DEVELOPMENT_TEAM = GQQ4RZBUL3;
				IBSC_MODULE = WristSteps_WatchKit_Extension;
				INFOPLIST_FILE = "WristSteps WatchKit App/Info.plist";
				MARKETING_VERSION = 2.2.0;
				PRODUCT_BUNDLE_IDENTIFIER = at.Schoder.WristSteps.watchkitapp;
				PRODUCT_NAME = "$(TARGET_NAME)";
				SDKROOT = watchos;
				SKIP_INSTALL = YES;
				SWIFT_VERSION = 5.0;
				TARGETED_DEVICE_FAMILY = 4;
				WATCHOS_DEPLOYMENT_TARGET = 7.0;
			};
			name = Debug;
		};
		4C9FE89824FBC504008062AF /* Release */ = {
			isa = XCBuildConfiguration;
			buildSettings = {
				ALWAYS_EMBED_SWIFT_STANDARD_LIBRARIES = YES;
				ASSETCATALOG_COMPILER_APPICON_NAME = AppIcon;
				ASSETCATALOG_COMPILER_GLOBAL_ACCENT_COLOR_NAME = AccentColor;
				CODE_SIGN_STYLE = Automatic;
				CURRENT_PROJECT_VERSION = 30;
				DEVELOPMENT_TEAM = GQQ4RZBUL3;
				IBSC_MODULE = WristSteps_WatchKit_Extension;
				INFOPLIST_FILE = "WristSteps WatchKit App/Info.plist";
				MARKETING_VERSION = 2.2.0;
				PRODUCT_BUNDLE_IDENTIFIER = at.Schoder.WristSteps.watchkitapp;
				PRODUCT_NAME = "$(TARGET_NAME)";
				SDKROOT = watchos;
				SKIP_INSTALL = YES;
				SWIFT_VERSION = 5.0;
				TARGETED_DEVICE_FAMILY = 4;
				WATCHOS_DEPLOYMENT_TARGET = 7.0;
			};
			name = Release;
		};
		4C9FE89B24FBC504008062AF /* Debug */ = {
			isa = XCBuildConfiguration;
			buildSettings = {
				CODE_SIGN_STYLE = Automatic;
				CURRENT_PROJECT_VERSION = 30;
				DEVELOPMENT_TEAM = GQQ4RZBUL3;
				MARKETING_VERSION = 2.2.0;
				PRODUCT_BUNDLE_IDENTIFIER = at.Schoder.WristSteps;
				PRODUCT_NAME = "$(TARGET_NAME)";
				SWIFT_VERSION = 5.0;
			};
			name = Debug;
		};
		4C9FE89C24FBC504008062AF /* Release */ = {
			isa = XCBuildConfiguration;
			buildSettings = {
				CODE_SIGN_STYLE = Automatic;
				CURRENT_PROJECT_VERSION = 30;
				DEVELOPMENT_TEAM = GQQ4RZBUL3;
				MARKETING_VERSION = 2.2.0;
				PRODUCT_BUNDLE_IDENTIFIER = at.Schoder.WristSteps;
				PRODUCT_NAME = "$(TARGET_NAME)";
				SWIFT_VERSION = 5.0;
			};
			name = Release;
		};
/* End XCBuildConfiguration section */

/* Begin XCConfigurationList section */
		4C9FE86C24FBC503008062AF /* Build configuration list for PBXProject "WristSteps" */ = {
			isa = XCConfigurationList;
			buildConfigurations = (
				4C9FE89024FBC504008062AF /* Debug */,
				4C9FE89124FBC504008062AF /* Release */,
			);
			defaultConfigurationIsVisible = 0;
			defaultConfigurationName = Release;
		};
		4C9FE89224FBC504008062AF /* Build configuration list for PBXNativeTarget "WristSteps WatchKit Extension" */ = {
			isa = XCConfigurationList;
			buildConfigurations = (
				4C9FE89324FBC504008062AF /* Debug */,
				4C9FE89424FBC504008062AF /* Release */,
			);
			defaultConfigurationIsVisible = 0;
			defaultConfigurationName = Release;
		};
		4C9FE89624FBC504008062AF /* Build configuration list for PBXNativeTarget "WristSteps WatchKit App" */ = {
			isa = XCConfigurationList;
			buildConfigurations = (
				4C9FE89724FBC504008062AF /* Debug */,
				4C9FE89824FBC504008062AF /* Release */,
			);
			defaultConfigurationIsVisible = 0;
			defaultConfigurationName = Release;
		};
		4C9FE89A24FBC504008062AF /* Build configuration list for PBXNativeTarget "WristSteps" */ = {
			isa = XCConfigurationList;
			buildConfigurations = (
				4C9FE89B24FBC504008062AF /* Debug */,
				4C9FE89C24FBC504008062AF /* Release */,
			);
			defaultConfigurationIsVisible = 0;
			defaultConfigurationName = Release;
		};
/* End XCConfigurationList section */
	};
	rootObject = 4C9FE86924FBC503008062AF /* Project object */;
}
